
Microsoft Visual Studio Solution File, Format Version 12.00
# Visual Studio Version 17
VisualStudioVersion = 17.0.31903.59
MinimumVisualStudioVersion = 10.0.40219.1
Project("{2150E333-8FDC-42A3-9474-1A3956D46DE8}") = "src", "src", "{827E0CD3-B72D-47B6-A68D-7590B98EB39B}"
EndProject
Project("{FAE04EC0-301F-11D3-BF4B-00C04F79EFBC}") = "OptiDiag.App", "src\OptiDiag.App\OptiDiag.App.csproj", "{7F8AE20F-5AEF-494F-8923-101E342A9D54}"
EndProject
Project("{FAE04EC0-301F-11D3-BF4B-00C04F79EFBC}") = "OptiDiag.Application", "src\OptiDiag.Application\OptiDiag.Application.csproj", "{8E1A214A-B517-424F-B169-627B7B90A2AC}"
EndProject
Project("{FAE04EC0-301F-11D3-BF4B-00C04F79EFBC}") = "OptiDiag.I2c.Abstractions", "src\OptiDiag.I2c.Abstractions\OptiDiag.I2c.Abstractions.csproj", "{392154BF-D5AA-4C1B-AC04-52FDCA9FAB40}"
EndProject
Project("{FAE04EC0-301F-11D3-BF4B-00C04F79EFBC}") = "OptiDiag.I2c.Simulator", "src\OptiDiag.I2c.Simulator\OptiDiag.I2c.Simulator.csproj", "{D3DADA1E-0736-4794-90E2-4F2C61EA06DC}"
EndProject
Project("{FAE04EC0-301F-11D3-BF4B-00C04F79EFBC}") = "OptiDiag.Infrastructure", "src\OptiDiag.Infrastructure\OptiDiag.Infrastructure.csproj", "{67289D38-2439-4FE5-8012-9EE5D58D4EE7}"
EndProject
Project("{FAE04EC0-301F-11D3-BF4B-00C04F79EFBC}") = "OptiDiag.Protocols.Abstractions", "src\OptiDiag.Protocols.Abstractions\OptiDiag.Protocols.Abstractions.csproj", "{EA5C10E7-325A-43DA-8AD9-839854041609}"
EndProject
Project("{FAE04EC0-301F-11D3-BF4B-00C04F79EFBC}") = "OptiDiag.Protocols.Sff8472", "src\OptiDiag.Protocols.Sff8472\OptiDiag.Protocols.Sff8472.csproj", "{120C49F8-D735-463E-9E89-13E6B495EAB7}"
EndProject
Project("{2150E333-8FDC-42A3-9474-1A3956D46DE8}") = "tests", "tests", "{0AB3BF05-4346-4AA6-1389-037BE0695223}"
EndProject
Project("{FAE04EC0-301F-11D3-BF4B-00C04F79EFBC}") = "OptiDiag.Core.Tests", "tests\OptiDiag.Core.Tests\OptiDiag.Core.Tests.csproj", "{8C440CE5-E0B2-424F-9E6C-5CFD32DAFB2E}"
EndProject
Project("{FAE04EC0-301F-11D3-BF4B-00C04F79EFBC}") = "OptiDiag.Protocols.Sff8472.Tests", "tests\OptiDiag.Protocols.Sff8472.Tests\OptiDiag.Protocols.Sff8472.Tests.csproj", "{8B5F8204-8C22-4AEC-8712-671C7CB6B138}"
EndProject
Global
	GlobalSection(SolutionConfigurationPlatforms) = preSolution
		Debug|Any CPU = Debug|Any CPU
		Debug|x64 = Debug|x64
		Debug|x86 = Debug|x86
		Release|Any CPU = Release|Any CPU
		Release|x64 = Release|x64
		Release|x86 = Release|x86
	EndGlobalSection
	GlobalSection(ProjectConfigurationPlatforms) = postSolution
		{7F8AE20F-5AEF-494F-8923-101E342A9D54}.Debug|Any CPU.ActiveCfg = Debug|Any CPU
		{7F8AE20F-5AEF-494F-8923-101E342A9D54}.Debug|Any CPU.Build.0 = Debug|Any CPU
		{7F8AE20F-5AEF-494F-8923-101E342A9D54}.Debug|x64.ActiveCfg = Debug|Any CPU
		{7F8AE20F-5AEF-494F-8923-101E342A9D54}.Debug|x64.Build.0 = Debug|Any CPU
		{7F8AE20F-5AEF-494F-8923-101E342A9D54}.Debug|x86.ActiveCfg = Debug|Any CPU
		{7F8AE20F-5AEF-494F-8923-101E342A9D54}.Debug|x86.Build.0 = Debug|Any CPU
		{7F8AE20F-5AEF-494F-8923-101E342A9D54}.Release|Any CPU.ActiveCfg = Release|Any CPU
		{7F8AE20F-5AEF-494F-8923-101E342A9D54}.Release|Any CPU.Build.0 = Release|Any CPU
		{7F8AE20F-5AEF-494F-8923-101E342A9D54}.Release|x64.ActiveCfg = Release|Any CPU
		{7F8AE20F-5AEF-494F-8923-101E342A9D54}.Release|x64.Build.0 = Release|Any CPU
		{7F8AE20F-5AEF-494F-8923-101E342A9D54}.Release|x86.ActiveCfg = Release|Any CPU
		{7F8AE20F-5AEF-494F-8923-101E342A9D54}.Release|x86.Build.0 = Release|Any CPU
		{8E1A214A-B517-424F-B169-627B7B90A2AC}.Debug|Any CPU.ActiveCfg = Debug|Any CPU
		{8E1A214A-B517-424F-B169-627B7B90A2AC}.Debug|Any CPU.Build.0 = Debug|Any CPU
		{8E1A214A-B517-424F-B169-627B7B90A2AC}.Debug|x64.ActiveCfg = Debug|Any CPU
		{8E1A214A-B517-424F-B169-627B7B90A2AC}.Debug|x64.Build.0 = Debug|Any CPU
		{8E1A214A-B517-424F-B169-627B7B90A2AC}.Debug|x86.ActiveCfg = Debug|Any CPU
		{8E1A214A-B517-424F-B169-627B7B90A2AC}.Debug|x86.Build.0 = Debug|Any CPU
		{8E1A214A-B517-424F-B169-627B7B90A2AC}.Release|Any CPU.ActiveCfg = Release|Any CPU
		{8E1A214A-B517-424F-B169-627B7B90A2AC}.Release|Any CPU.Build.0 = Release|Any CPU
		{8E1A214A-B517-424F-B169-627B7B90A2AC}.Release|x64.ActiveCfg = Release|Any CPU
		{8E1A214A-B517-424F-B169-627B7B90A2AC}.Release|x64.Build.0 = Release|Any CPU
		{8E1A214A-B517-424F-B169-627B7B90A2AC}.Release|x86.ActiveCfg = Release|Any CPU
		{8E1A214A-B517-424F-B169-627B7B90A2AC}.Release|x86.Build.0 = Release|Any CPU
		{392154BF-D5AA-4C1B-AC04-52FDCA9FAB40}.Debug|Any CPU.ActiveCfg = Debug|Any CPU
		{392154BF-D5AA-4C1B-AC04-52FDCA9FAB40}.Debug|Any CPU.Build.0 = Debug|Any CPU
		{392154BF-D5AA-4C1B-AC04-52FDCA9FAB40}.Debug|x64.ActiveCfg = Debug|Any CPU
		{392154BF-D5AA-4C1B-AC04-52FDCA9FAB40}.Debug|x64.Build.0 = Debug|Any CPU
		{392154BF-D5AA-4C1B-AC04-52FDCA9FAB40}.Debug|x86.ActiveCfg = Debug|Any CPU
		{392154BF-D5AA-4C1B-AC04-52FDCA9FAB40}.Debug|x86.Build.0 = Debug|Any CPU
		{392154BF-D5AA-4C1B-AC04-52FDCA9FAB40}.Release|Any CPU.ActiveCfg = Release|Any CPU
		{392154BF-D5AA-4C1B-AC04-52FDCA9FAB40}.Release|Any CPU.Build.0 = Release|Any CPU
		{392154BF-D5AA-4C1B-AC04-52FDCA9FAB40}.Release|x64.ActiveCfg = Release|Any CPU
		{392154BF-D5AA-4C1B-AC04-52FDCA9FAB40}.Release|x64.Build.0 = Release|Any CPU
		{392154BF-D5AA-4C1B-AC04-52FDCA9FAB40}.Release|x86.ActiveCfg = Release|Any CPU
		{392154BF-D5AA-4C1B-AC04-52FDCA9FAB40}.Release|x86.Build.0 = Release|Any CPU
		{D3DADA1E-0736-4794-90E2-4F2C61EA06DC}.Debug|Any CPU.ActiveCfg = Debug|Any CPU
		{D3DADA1E-0736-4794-90E2-4F2C61EA06DC}.Debug|Any CPU.Build.0 = Debug|Any CPU
		{D3DADA1E-0736-4794-90E2-4F2C61EA06DC}.Debug|x64.ActiveCfg = Debug|Any CPU
		{D3DADA1E-0736-4794-90E2-4F2C61EA06DC}.Debug|x64.Build.0 = Debug|Any CPU
		{D3DADA1E-0736-4794-90E2-4F2C61EA06DC}.Debug|x86.ActiveCfg = Debug|Any CPU
		{D3DADA1E-0736-4794-90E2-4F2C61EA06DC}.Debug|x86.Build.0 = Debug|Any CPU
		{D3DADA1E-0736-4794-90E2-4F2C61EA06DC}.Release|Any CPU.ActiveCfg = Release|Any CPU
		{D3DADA1E-0736-4794-90E2-4F2C61EA06DC}.Release|Any CPU.Build.0 = Release|Any CPU
		{D3DADA1E-0736-4794-90E2-4F2C61EA06DC}.Release|x64.ActiveCfg = Release|Any CPU
		{D3DADA1E-0736-4794-90E2-4F2C61EA06DC}.Release|x64.Build.0 = Release|Any CPU
		{D3DADA1E-0736-4794-90E2-4F2C61EA06DC}.Release|x86.ActiveCfg = Release|Any CPU
		{D3DADA1E-0736-4794-90E2-4F2C61EA06DC}.Release|x86.Build.0 = Release|Any CPU
		{67289D38-2439-4FE5-8012-9EE5D58D4EE7}.Debug|Any CPU.ActiveCfg = Debug|Any CPU
		{67289D38-2439-4FE5-8012-9EE5D58D4EE7}.Debug|Any CPU.Build.0 = Debug|Any CPU
		{67289D38-2439-4FE5-8012-9EE5D58D4EE7}.Debug|x64.ActiveCfg = Debug|Any CPU
		{67289D38-2439-4FE5-8012-9EE5D58D4EE7}.Debug|x64.Build.0 = Debug|Any CPU
		{67289D38-2439-4FE5-8012-9EE5D58D4EE7}.Debug|x86.ActiveCfg = Debug|Any CPU
		{67289D38-2439-4FE5-8012-9EE5D58D4EE7}.Debug|x86.Build.0 = Debug|Any CPU
		{67289D38-2439-4FE5-8012-9EE5D58D4EE7}.Release|Any CPU.ActiveCfg = Release|Any CPU
		{67289D38-2439-4FE5-8012-9EE5D58D4EE7}.Release|Any CPU.Build.0 = Release|Any CPU
		{67289D38-2439-4FE5-8012-9EE5D58D4EE7}.Release|x64.ActiveCfg = Release|Any CPU
		{67289D38-2439-4FE5-8012-9EE5D58D4EE7}.Release|x64.Build.0 = Release|Any CPU
		{67289D38-2439-4FE5-8012-9EE5D58D4EE7}.Release|x86.ActiveCfg = Release|Any CPU
		{67289D38-2439-4FE5-8012-9EE5D58D4EE7}.Release|x86.Build.0 = Release|Any CPU
		{EA5C10E7-325A-43DA-8AD9-839854041609}.Debug|Any CPU.ActiveCfg = Debug|Any CPU
		{EA5C10E7-325A-43DA-8AD9-839854041609}.Debug|Any CPU.Build.0 = Debug|Any CPU
		{EA5C10E7-325A-43DA-8AD9-839854041609}.Debug|x64.ActiveCfg = Debug|Any CPU
		{EA5C10E7-325A-43DA-8AD9-839854041609}.Debug|x64.Build.0 = Debug|Any CPU
		{EA5C10E7-325A-43DA-8AD9-839854041609}.Debug|x86.ActiveCfg = Debug|Any CPU
		{EA5C10E7-325A-43DA-8AD9-839854041609}.Debug|x86.Build.0 = Debug|Any CPU
		{EA5C10E7-325A-43DA-8AD9-839854041609}.Release|Any CPU.ActiveCfg = Release|Any CPU
		{EA5C10E7-325A-43DA-8AD9-839854041609}.Release|Any CPU.Build.0 = Release|Any CPU
		{EA5C10E7-325A-43DA-8AD9-839854041609}.Release|x64.ActiveCfg = Release|Any CPU
		{EA5C10E7-325A-43DA-8AD9-839854041609}.Release|x64.Build.0 = Release|Any CPU
		{EA5C10E7-325A-43DA-8AD9-839854041609}.Release|x86.ActiveCfg = Release|Any CPU
		{EA5C10E7-325A-43DA-8AD9-839854041609}.Release|x86.Build.0 = Release|Any CPU
		{120C49F8-D735-463E-9E89-13E6B495EAB7}.Debug|Any CPU.ActiveCfg = Debug|Any CPU
		{120C49F8-D735-463E-9E89-13E6B495EAB7}.Debug|Any CPU.Build.0 = Debug|Any CPU
		{120C49F8-D735-463E-9E89-13E6B495EAB7}.Debug|x64.ActiveCfg = Debug|Any CPU
		{120C49F8-D735-463E-9E89-13E6B495EAB7}.Debug|x64.Build.0 = Debug|Any CPU
		{120C49F8-D735-463E-9E89-13E6B495EAB7}.Debug|x86.ActiveCfg = Debug|Any CPU
		{120C49F8-D735-463E-9E89-13E6B495EAB7}.Debug|x86.Build.0 = Debug|Any CPU
		{120C49F8-D735-463E-9E89-13E6B495EAB7}.Release|Any CPU.ActiveCfg = Release|Any CPU
		{120C49F8-D735-463E-9E89-13E6B495EAB7}.Release|Any CPU.Build.0 = Release|Any CPU
		{120C49F8-D735-463E-9E89-13E6B495EAB7}.Release|x64.ActiveCfg = Release|Any CPU
		{120C49F8-D735-463E-9E89-13E6B495EAB7}.Release|x64.Build.0 = Release|Any CPU
		{120C49F8-D735-463E-9E89-13E6B495EAB7}.Release|x86.ActiveCfg = Release|Any CPU
		{120C49F8-D735-463E-9E89-13E6B495EAB7}.Release|x86.Build.0 = Release|Any CPU
		{8C440CE5-E0B2-424F-9E6C-5CFD32DAFB2E}.Debug|Any CPU.ActiveCfg = Debug|Any CPU
		{8C440CE5-E0B2-424F-9E6C-5CFD32DAFB2E}.Debug|Any CPU.Build.0 = Debug|Any CPU
		{8C440CE5-E0B2-424F-9E6C-5CFD32DAFB2E}.Debug|x64.ActiveCfg = Debug|Any CPU
		{8C440CE5-E0B2-424F-9E6C-5CFD32DAFB2E}.Debug|x64.Build.0 = Debug|Any CPU
		{8C440CE5-E0B2-424F-9E6C-5CFD32DAFB2E}.Debug|x86.ActiveCfg = Debug|Any CPU
		{8C440CE5-E0B2-424F-9E6C-5CFD32DAFB2E}.Debug|x86.Build.0 = Debug|Any CPU
		{8C440CE5-E0B2-424F-9E6C-5CFD32DAFB2E}.Release|Any CPU.ActiveCfg = Release|Any CPU
		{8C440CE5-E0B2-424F-9E6C-5CFD32DAFB2E}.Release|Any CPU.Build.0 = Release|Any CPU
		{8C440CE5-E0B2-424F-9E6C-5CFD32DAFB2E}.Release|x64.ActiveCfg = Release|Any CPU
		{8C440CE5-E0B2-424F-9E6C-5CFD32DAFB2E}.Release|x64.Build.0 = Release|Any CPU
		{8C440CE5-E0B2-424F-9E6C-5CFD32DAFB2E}.Release|x86.ActiveCfg = Release|Any CPU
		{8C440CE5-E0B2-424F-9E6C-5CFD32DAFB2E}.Release|x86.Build.0 = Release|Any CPU
		{8B5F8204-8C22-4AEC-8712-671C7CB6B138}.Debug|Any CPU.ActiveCfg = Debug|Any CPU
		{8B5F8204-8C22-4AEC-8712-671C7CB6B138}.Debug|Any CPU.Build.0 = Debug|Any CPU
		{8B5F8204-8C22-4AEC-8712-671C7CB6B138}.Debug|x64.ActiveCfg = Debug|Any CPU
		{8B5F8204-8C22-4AEC-8712-671C7CB6B138}.Debug|x64.Build.0 = Debug|Any CPU
		{8B5F8204-8C22-4AEC-8712-671C7CB6B138}.Debug|x86.ActiveCfg = Debug|Any CPU
		{8B5F8204-8C22-4AEC-8712-671C7CB6B138}.Debug|x86.Build.0 = Debug|Any CPU
		{8B5F8204-8C22-4AEC-8712-671C7CB6B138}.Release|Any CPU.ActiveCfg = Release|Any CPU
		{8B5F8204-8C22-4AEC-8712-671C7CB6B138}.Release|Any CPU.Build.0 = Release|Any CPU
		{8B5F8204-8C22-4AEC-8712-671C7CB6B138}.Release|x64.ActiveCfg = Release|Any CPU
		{8B5F8204-8C22-4AEC-8712-671C7CB6B138}.Release|x64.Build.0 = Release|Any CPU
		{8B5F8204-8C22-4AEC-8712-671C7CB6B138}.Release|x86.ActiveCfg = Release|Any CPU
		{8B5F8204-8C22-4AEC-8712-671C7CB6B138}.Release|x86.Build.0 = Release|Any CPU
	EndGlobalSection
	GlobalSection(SolutionProperties) = preSolution
		HideSolutionNode = FALSE
	EndGlobalSection
	GlobalSection(NestedProjects) = preSolution
		{7F8AE20F-5AEF-494F-8923-101E342A9D54} = {827E0CD3-B72D-47B6-A68D-7590B98EB39B}
		{8E1A214A-B517-424F-B169-627B7B90A2AC} = {827E0CD3-B72D-47B6-A68D-7590B98EB39B}
		{392154BF-D5AA-4C1B-AC04-52FDCA9FAB40} = {827E0CD3-B72D-47B6-A68D-7590B98EB39B}
		{D3DADA1E-0736-4794-90E2-4F2C61EA06DC} = {827E0CD3-B72D-47B6-A68D-7590B98EB39B}
		{67289D38-2439-4FE5-8012-9EE5D58D4EE7} = {827E0CD3-B72D-47B6-A68D-7590B98EB39B}
		{EA5C10E7-325A-43DA-8AD9-839854041609} = {827E0CD3-B72D-47B6-A68D-7590B98EB39B}
		{120C49F8-D735-463E-9E89-13E6B495EAB7} = {827E0CD3-B72D-47B6-A68D-7590B98EB39B}
		{8C440CE5-E0B2-424F-9E6C-5CFD32DAFB2E} = {0AB3BF05-4346-4AA6-1389-037BE0695223}
		{8B5F8204-8C22-4AEC-8712-671C7CB6B138} = {0AB3BF05-4346-4AA6-1389-037BE0695223}
	EndGlobalSection
EndGlobal
